
Microsoft Visual Studio Solution File, Format Version 12.00
# Visual Studio Version 17
VisualStudioVersion = 17.0.32112.339
MinimumVisualStudioVersion = 10.0.40219.1
Project("{888888A0-9F3D-457C-B088-3A5042F75D52}") = "Off.Course Project", "Off.Course Project\Off.Course Project.pyproj", "{58FA6F50-04BE-4915-9BDC-DA19A98B7130}"
EndProject
Global
	GlobalSection(SolutionConfigurationPlatforms) = preSolution
		Debug|Any CPU = Debug|Any CPU
		Release|Any CPU = Release|Any CPU
	EndGlobalSection
	GlobalSection(ProjectConfigurationPlatforms) = postSolution
		{58FA6F50-04BE-4915-9BDC-DA19A98B7130}.Debug|Any CPU.ActiveCfg = Debug|Any CPU
		{58FA6F50-04BE-4915-9BDC-DA19A98B7130}.Release|Any CPU.ActiveCfg = Release|Any CPU
	EndGlobalSection
	GlobalSection(SolutionProperties) = preSolution
		HideSolutionNode = FALSE
	EndGlobalSection
	GlobalSection(ExtensibilityGlobals) = postSolution
		SolutionGuid = {404E2283-7FE1-4544-A540-FC34C9C03FDF}
	EndGlobalSection
EndGlobal
